dependencies:
- name: prometheus
  repository: https://prometheus-community.github.io/helm-charts
  version: 27.47.0
- name: loki
  repository: https://grafana.github.io/helm-charts
  version: 6.46.0
- name: promtail
  repository: https://grafana.github.io/helm-charts
  version: 6.17.1
- name: grafana
  repository: https://grafana.github.io/helm-charts
  version: 10.2.0
digest: sha256:e982494f3819fb1466aa37ba1ce09fbbebd6e0919e74663f81c11741a4c2ff6b
generated: "2025-12-01T09:55:38.13911668Z"
