dependencies:
- name: prometheus
  repository: https://prometheus-community.github.io/helm-charts
  version: 27.50.0
- name: loki
  repository: https://grafana.github.io/helm-charts
  version: 6.48.0
- name: promtail
  repository: https://grafana.github.io/helm-charts
  version: 6.17.1
- name: grafana
  repository: https://grafana.github.io/helm-charts
  version: 10.3.0
digest: sha256:4b38c501404cc70ba102fe38fcbe93a0d801ac2fec8ae5f45687e0ed2381ea6b
generated: "2025-12-12T17:48:59.254616771Z"
